# This file is automatically @generated by Poetry 2.1.1 and should not be changed by hand.

[[package]]
name = "certifi"
version = "2026.6.17"
description = "Python package for providing Mozilla's CA Bundle."
optional = false
python-versions = ">=3.7"
groups = ["main"]
markers = "sys_platform == \"win32\" or sys_platform == \"emscripten\" or sys_platform != \"win32\" and sys_platform != \"emscripten\""
files = [
    {file = "certifi-2026.6.17-py3-none-any.whl", hash = "sha256:2227dcbaafe0d2f59279d1762ddddc37783ed4354594f194ffc31d20f41fc3db"},
    {file = "certifi-2026.6.17.tar.gz", hash = "sha256:024c88eeec92ca068db80f02b8b07c9cef7b9fe261d1d535abfd5abd6f6af432"},
]

[[package]]
name = "geopandas"
version = "1.1.4"
description = "Geographic pandas extensions"
optional = false
python-versions = ">=3.10"
groups = ["main"]
markers = "sys_platform == \"win32\" or sys_platform == \"emscripten\" or sys_platform != \"win32\" and sys_platform != \"emscripten\""
files = [
    {file = "geopandas-1.1.4-py3-none-any.whl", hash = "sha256:1a0c459cbdb1537cd154dafe6174be20d1760844b7f1c967dc8520b180f2e773"},
    {file = "geopandas-1.1.4.tar.gz", hash = "sha256:06f2890a07e1a239047daa14b486a7c6ae5ce82dcf7405e13c46bf31f5d0dd66"},
]

[package.dependencies]
numpy = ">=1.24"
packaging = "*"
pandas = ">=2.0.0"
pyogrio = ">=0.7.2"
pyproj = ">=3.5.0"
shapely = ">=2.0.0"

[package.extras]
all = ["GeoAlchemy2", "SQLAlchemy (>=2.0)", "folium", "geopy", "mapclassify (>=2.5)", "matplotlib (>=3.7)", "pointpats (>=2.5.3)", "psycopg[binary] (>=3.1.0)", "pyarrow (>=10.0.0)", "scipy", "xyzservices"]
dev = ["codecov", "pre-commit", "pytest (>=3.1.0)", "pytest-cov", "pytest-xdist", "ruff"]

[[package]]
name = "numpy"
version = "2.5.1"
description = "Fundamental package for array computing in Python"
optional = false
python-versions = ">=3.12"
groups = ["main"]
markers = "sys_platform == \"win32\" or sys_platform == \"emscripten\" or sys_platform != \"win32\" and sys_platform != \"emscripten\""
files = [
    {file = "numpy-2.5.1-cp312-cp312-macosx_10_13_x86_64.whl", hash = "sha256:2c889b56fe48b1018f764b0eec8df59ab654e9148aa91faa12596043500de277"},
    {file = "numpy-2.5.1-cp312-cp312-macosx_11_0_arm64.whl", hash = "sha256:ab451b59c5643c570974c43aef780703ef1d3b4965d2be07afd530615a9358d1"},
    {file = "numpy-2.5.1-cp312-cp312-macosx_14_0_arm64.whl", hash = "sha256:78798bd5b9ad744056af8efa90e3b9ddaa53272a0848a483084a1cc0a13b2dc0"},
    {file = "numpy-2.5.1-cp312-cp312-macosx_14_0_x86_64.whl", hash = "sha256:2ae0ca40bcb22d6ba59c1dfd5446f49940b0f2d821fde133f10dda11f816b84e"},
    {file = "numpy-2.5.1-cp312-cp312-manylinux_2_27_aarch64.manylinux_2_28_aarch64.whl", hash = "sha256:61ac47e772e6b8ea489e1d2f441a34c5c3ac17327e7ce294cbdf535795ad4e75"},
    {file = "numpy-2.5.1-cp312-cp312-manylinux_2_27_x86_64.manylinux_2_28_x86_64.whl", hash = "sha256:59fda5e192b570217ec2580c96f00e9a7e12ef6866a900eb089b62c1a32545ca"},
    {file = "numpy-2.5.1-cp312-cp312-musllinux_1_2_aarch64.whl", hash = "sha256:f7119ebff1a9829e9f431a4f9d28e703023bb6b9fe7c8f724467dbfc27c94ab3"},
    {file = "numpy-2.5.1-cp312-cp312-musllinux_1_2_x86_64.whl", hash = "sha256:e824c2acf8862052246be5a44c15da1777940c60d010dd2aab897824d9c430f9"},
    {file = "numpy-2.5.1-cp312-cp312-win32.whl", hash = "sha256:08d60c810432eb83360958dea0999ac4cfb94531ea8efcbf0b7f277c2068aeb2"},
    {file = "numpy-2.5.1-cp312-cp312-win_amd64.whl", hash = "sha256:f7d60026c0bdb1380e83bfa7a0419c4577ee4b9a08880afcb6dadeb74c649fa2"},
    {file = "numpy-2.5.1-cp312-cp312-win_arm64.whl", hash = "sha256:17a25e09640602e10bc8de0e6fa2b3fd68eedd84ba6d7842dc8f32f9ab87bd0b"},
    {file = "numpy-2.5.1-cp313-cp313-macosx_10_13_x86_64.whl", hash = "sha256:0bfebd8695f9863592fe744be833a258120b14a9f39da255e8aa8fade2c0ddd1"},
    {file = "numpy-2.5.1-cp313-cp313-macosx_11_0_arm64.whl", hash = "sha256:30b44a6b53a7ae63c54c089a8726e5563ed302716c5b7ccc85afade40b0e7ff6"},
    {file = "numpy-2.5.1-cp313-cp313-macosx_14_0_arm64.whl", hash = "sha256:6165343f81b56ef8f514f396989e529b61d9dc709b99421b07e9f3e698e2287d"},
    {file = "numpy-2.5.1-cp313-cp313-macosx_14_0_x86_64.whl", hash = "sha256:4939237038ada79308dda3204ac6462df056b5672b2e25db1149cf873668b3e1"},
    {file = "numpy-2.5.1-cp313-cp313-manylinux_2_27_aarch64.manylinux_2_28_aarch64.whl", hash = "sha256:1c6759f538fb912fc46de0a6b1758ccf7b57bc7c7ebebc23974fdac3de8db0cd"},
    {file = "numpy-2.5.1-cp313-cp313-manylinux_2_27_x86_64.manylinux_2_28_x86_64.whl", hash = "sha256:9726558e8db4a5bf7929a70ae50f63abda4daf0efe810e3bfbab95976f75fc1a"},
    {file = "numpy-2.5.1-cp313-cp313-musllinux_1_2_aarch64.whl", hash = "sha256:3935f3b419b244a02732676fa5317a9193cc596a4c0646db07e5b421229ac9f7"},
    {file = "numpy-2.5.1-cp313-cp313-musllinux_1_2_x86_64.whl", hash = "sha256:dc932a65ded7ce9013d120845a2514dcccb1a67bfc8deb8d37633762951904a6"},
    {file = "numpy-2.5.1-cp313-cp313-win32.whl", hash = "sha256:4b4ff1608417eb7a59da7b967bbb798cacfe071d2caf526a24281cd562072ed9"},
    {file = "numpy-2.5.1-cp313-cp313-win_amd64.whl", hash = "sha256:6c3fe51bc6a16453d452997053454f309e8e0ed7b42d6b361ce4ac8c32913d74"},
    {file = "numpy-2.5.1-cp313-cp313-win_arm64.whl", hash = "sha256:f7feb014281029e628ba2d5a007407443b06e418b6fe451d1e2adcbc8eba0107"},
    {file = "numpy-2.5.1-cp314-cp314-macosx_10_15_x86_64.whl", hash = "sha256:7c786fe9a5bbe360022e584c5a34cf6b54265c71bd7ec8ac3d8fec38968071f8"},
    {file = "numpy-2.5.1-cp314-cp314-macosx_11_0_arm64.whl", hash = "sha256:32985c896d897419ef8da6917872d80b78ad0ea26d85b23245c7366ffde76d75"},
    {file = "numpy-2.5.1-cp314-cp314-macosx_14_0_arm64.whl", hash = "sha256:efd736408cc97c79b9e6917338dfc8f06013b2274f992e96b1d9a81a71e2a2c2"},
    {file = "numpy-2.5.1-cp314-cp314-macosx_14_0_x86_64.whl", hash = "sha256:ab84dc6b074fa881cae55bea94cc4f68e285181ba7f32497bf7dee6b1496165b"},
    {file = "numpy-2.5.1-cp314-cp314-manylinux_2_27_aarch64.manylinux_2_28_aarch64.whl", hash = "sha256:caf3e317d33d60c37986b452613f4ab51246d0691350c03d0cb4a898627f4a95"},
    {file = "numpy-2.5.1-cp314-cp314-manylinux_2_27_x86_64.manylinux_2_28_x86_64.whl", hash = "sha256:54ad769f17bc2d833b620851989f62054fb9ab93c969d9e1dc3c8e3d56beea21"},
    {file = "numpy-2.5.1-cp314-cp314-musllinux_1_2_aarch64.whl", hash = "sha256:c12afb53450fa976d4c681c50a7423729a4c51c0465ed9f32b8a9cabbc472373"},
    {file = "numpy-2.5.1-cp314-cp314-musllinux_1_2_x86_64.whl", hash = "sha256:e8c11c405efc5ff6816d5983c96cdfa215bab3428961243af3ff59b228490438"},
    {file = "numpy-2.5.1-cp314-cp314-win32.whl", hash = "sha256:f2479a47f8d5932d1718168a681ad6e536a9df484c83cfcf9de365e164537ace"},
    {file = "numpy-2.5.1-cp314-cp314-win_amd64.whl", hash = "sha256:24d0eb82c0541d3415a33425db64ae439dffccd7b4dbcb30e7c35120205c506a"},
    {file = "numpy-2.5.1-cp314-cp314-win_arm64.whl", hash = "sha256:5a4c988b38d261deeeaad9954e3deb091ad905c94e8bb6708654ef1d97f286b0"},
    {file = "numpy-2.5.1-cp314-cp314t-macosx_11_0_arm64.whl", hash = "sha256:a33276be12fa045805f477f22482088b66bb758ffbe89a9d21457de863a32e22"},
    {file = "numpy-2.5.1-cp314-cp314t-macosx_14_0_arm64.whl", hash = "sha256:f089d7b00756190aacf1f5d34bdf38c3c430ac82b4f868f8cede73380460fce7"},
    {file = "numpy-2.5.1-cp314-cp314t-macosx_14_0_x86_64.whl", hash = "sha256:09e9bfd8d2cf479c7d174804fb3811c53a8e9f20a37444008606b57d6b7a826d"},
    {file = "numpy-2.5.1-cp314-cp314t-manylinux_2_27_aarch64.manylinux_2_28_aarch64.whl", hash = "sha256:e68d8dd1e7eba712948f2053a29ec86917bc70ba1358df869d9f06649ef9cf09"},
    {file = "numpy-2.5.1-cp314-cp314t-manylinux_2_27_x86_64.manylinux_2_28_x86_64.whl", hash = "sha256:99d5095fa265a0c4152e7bb12759e14381ef5496152f1ce58f44bdf55c44beb4"},
    {file = "numpy-2.5.1-cp314-cp314t-musllinux_1_2_aarch64.whl", hash = "sha256:ab87a91b3cc3382b8956095bd8f95e00cf679bb81554339be1a2ba404a1473c1"},
    {file = "numpy-2.5.1-cp314-cp314t-musllinux_1_2_x86_64.whl", hash = "sha256:224ca51130ef7da85bea2191625181cb4f337f9cb64b471f10c1a12aa8b60077"},
    {file = "numpy-2.5.1-cp314-cp314t-win32.whl", hash = "sha256:6eab239876581b2b3c5a242281b6007bbdbcd1c7085d7709bb57c5929b11e6bf"},
    {file = "numpy-2.5.1-cp314-cp314t-win_amd64.whl", hash = "sha256:83ce9c80d5b521b0d77ddcbe5447c218d247929b6cc056ca5351342accfff0af"},
    {file = "numpy-2.5.1-cp314-cp314t-win_arm64.whl", hash = "sha256:5a6db61f9aaa57e369905c67d852045d3c4f7126405b29d09b19dec118e9c9cb"},
    {file = "numpy-2.5.1.tar.gz", hash = "sha256:a48a113e6afea91f5608793bafa7ef2ad481fefbda87ec5069f483de61cb9fa3"},
]

[[package]]
name = "packaging"
version = "26.2"
description = "Core utilities for Python packages"
optional = false
python-versions = ">=3.8"
groups = ["main"]
markers = "sys_platform == \"win32\" or sys_platform == \"emscripten\" or sys_platform != \"win32\" and sys_platform != \"emscripten\""
files = [
    {file = "packaging-26.2-py3-none-any.whl", hash = "sha256:5fc45236b9446107ff2415ce77c807cee2862cb6fac22b8a73826d0693b0980e"},
    {file = "packaging-26.2.tar.gz", hash = "sha256:ff452ff5a3e828ce110190feff1178bb1f2ea2281fa2075aadb987c2fb221661"},
]

[[package]]
name = "pandas"
version = "3.0.3"
description = "Powerful data structures for data analysis, time series, and statistics"
optional = false
python-versions = ">=3.11"
groups = ["main"]
markers = "sys_platform == \"win32\" or sys_platform == \"emscripten\" or sys_platform != \"win32\" and sys_platform != \"emscripten\""
files = [
    {file = "pandas-3.0.3-cp311-cp311-macosx_10_9_x86_64.whl", hash = "sha256:455f6f8139d4282188f526868dbc3c828470e88a3d9d59a891bd46a455f21b98"},
    {file = "pandas-3.0.3-cp311-cp311-macosx_11_0_arm64.whl", hash = "sha256:4e15135e2ee5df1063313e2425ceef8ac0f4ae775893815b0923651b806a5639"},
    {file = "pandas-3.0.3-cp311-cp311-manylinux_2_24_aarch64.manylinux_2_28_aarch64.whl", hash = "sha256:05f1f1752b8533ea03f7f39a9c15b1a058d067bb48f4748948e7a8691e0510f2"},
    {file = "pandas-3.0.3-cp311-cp311-manylinux_2_24_x86_64.manylinux_2_28_x86_64.whl", hash = "sha256:8a1e45c80cceb3b4a21bc5939d52e8cbd8d9b7305309219d59e9754d9ce09e27"},
    {file = "pandas-3.0.3-cp311-cp311-musllinux_1_2_aarch64.whl", hash = "sha256:14da8316da4d0c5a77618425996bfb1248ca87fc2c1486e6fde4652bd18b5824"},
    {file = "pandas-3.0.3-cp311-cp311-musllinux_1_2_x86_64.whl", hash = "sha256:a55066a0505dae0ba2b50a46637db34b46f9094c65c5d4800794ef6335010938"},
    {file = "pandas-3.0.3-cp311-cp311-win_amd64.whl", hash = "sha256:6674ab18ad8c57802867264b00e15e7bb904700cdd9046e3b2fa1fce237439ea"},
    {file = "pandas-3.0.3-cp311-cp311-win_arm64.whl", hash = "sha256:5cc09a68b3120e0f54870dede8287a7bb1fa463907e4fcec1ea77cab6179bf7a"},
    {file = "pandas-3.0.3-cp312-cp312-macosx_10_13_x86_64.whl", hash = "sha256:fed2ff7fd9779120e388e285fc029bd5cf9490cdd2e4166a9ee22c0e49a9ab09"},
    {file = "pandas-3.0.3-cp312-cp312-macosx_11_0_arm64.whl", hash = "sha256:b168fc218fd80a6cbdbdbc1a97ddc7889ed057d7eb45f50d866ceab5f39904c4"},
    {file = "pandas-3.0.3-cp312-cp312-manylinux_2_24_aarch64.manylinux_2_28_aarch64.whl", hash = "sha256:0383c72c75cdcca61a9e116e611143902dbfd08bff356829c2f6d1cf40a9ca8c"},
    {file = "pandas-3.0.3-cp312-cp312-manylinux_2_24_x86_64.manylinux_2_28_x86_64.whl", hash = "sha256:6dc0b3fd2169c9157deed50b4d519553a3655c8c6a96027136d654592be973a9"},
    {file = "pandas-3.0.3-cp312-cp312-musllinux_1_2_aarch64.whl", hash = "sha256:7e65d5407dc0b394f509699650e4a2ec01c0514f21850f453fa60f3be79a5dbf"},
    {file = "pandas-3.0.3-cp312-cp312-musllinux_1_2_x86_64.whl", hash = "sha256:f8894dc474d648fe7b6ff0ca9b0bd73950d19952bc1a6534540762c5d79d305c"},
    {file = "pandas-3.0.3-cp312-cp312-win_amd64.whl", hash = "sha256:c7be265b62cef88e253a941e4698604973736dcfe242fdb5198f0f7bc473cdcc"},
    {file = "pandas-3.0.3-cp312-cp312-win_arm64.whl", hash = "sha256:557409bc4178e70ee8d9ddb494798e51ebf6ea59330f6be22c51bab2a7db6c49"},
    {file = "pandas-3.0.3-cp313-cp313-macosx_10_13_x86_64.whl", hash = "sha256:67b3b64c11910cfa29f4e94a14d3bff9ee693b6fc76055e7cad549cee0aec5fa"},
    {file = "pandas-3.0.3-cp313-cp313-macosx_11_0_arm64.whl", hash = "sha256:39436b377d56d2a2e52d0395bdbee171f01068e99af5250509aceeb929f765c7"},
    {file = "pandas-3.0.3-cp313-cp313-manylinux_2_24_aarch64.manylinux_2_28_aarch64.whl", hash = "sha256:d4be06d68f9ddcfc645b87534911da79a8fbffc7573c80e0edcf42a5020624d8"},
    {file = "pandas-3.0.3-cp313-cp313-manylinux_2_24_x86_64.manylinux_2_28_x86_64.whl", hash = "sha256:a4eeb6830daf35a71cc09649bd823e2b542dac246cdee9614c6e4bd65028cd6a"},
    {file = "pandas-3.0.3-cp313-cp313-musllinux_1_2_aarch64.whl", hash = "sha256:1928e07221f82db493cd4af1e23c1bfca524a19a4699887975bff68f49a72bfb"},
    {file = "pandas-3.0.3-cp313-cp313-musllinux_1_2_x86_64.whl", hash = "sha256:51b1fe551acb77dac643c6fda86084d8d446c10fe64b06a9cc29c4cc8540e7f2"},
    {file = "pandas-3.0.3-cp313-cp313-win_amd64.whl", hash = "sha256:a82d532a3351d435432cd913edbccaf8b8e01d4dd0e5ced5a8d2e8ecd94c7e44"},
    {file = "pandas-3.0.3-cp313-cp313-win_arm64.whl", hash = "sha256:275c14e0fce14a2ec20eee474aecd305478ea3c1e6f6a9d8fe219a165542717e"},
    {file = "pandas-3.0.3-cp313-cp313t-macosx_10_13_x86_64.whl", hash = "sha256:46997386d528eb40376ecd6b033cf4a8a1e5282580f68f43de875b78cba2199d"},
    {file = "pandas-3.0.3-cp313-cp313t-macosx_11_0_arm64.whl", hash = "sha256:261e308dfb22448384b7580cf719d2f998fe2966c92893c3e77d14008af1f066"},
    {file = "pandas-3.0.3-cp313-cp313t-manylinux_2_24_aarch64.manylinux_2_28_aarch64.whl", hash = "sha256:dd1a5d1def6a46002e964510bdc67c368aa0951df5d1d9f8365336f5a1f490cd"},
    {file = "pandas-3.0.3-cp313-cp313t-manylinux_2_24_x86_64.manylinux_2_28_x86_64.whl", hash = "sha256:d72828c20c6d6e83e1e22a6a3b47b326b71664112fa9705dcbccfd7a39b62085"},
    {file = "pandas-3.0.3-cp313-cp313t-musllinux_1_2_aarch64.whl", hash = "sha256:d26cbe1fcfc12e8fd900e2454163e466b2d3af84f7c75481df7683ffc073d870"},
    {file = "pandas-3.0.3-cp313-cp313t-musllinux_1_2_x86_64.whl", hash = "sha256:3e91cec1879ada0624fc3dc9953c5cbd60208e59c0db28f540c5d6d47502422f"},
    {file = "pandas-3.0.3-cp313-cp313t-win_amd64.whl", hash = "sha256:08d789b41f87e0905880e293cedf6197ce71fe67cc081358b1e148a491b9bd13"},
    {file = "pandas-3.0.3-cp314-cp314-macosx_10_15_x86_64.whl", hash = "sha256:3650109c0f22879df8bd6179ab9ee3d7f1d1d4e7e0094a3f0032d9f51e2e64ac"},
    {file = "pandas-3.0.3-cp314-cp314-macosx_11_0_arm64.whl", hash = "sha256:bab900348131a7db1f69a7309ef141fd5680f1487094193bcbbb61791573bf8f"},
    {file = "pandas-3.0.3-cp314-cp314-manylinux_2_24_aarch64.manylinux_2_28_aarch64.whl", hash = "sha256:ba7e08b9ac1d54569cd1e256e3668975ed624d6826f7b68df0342b012007bddb"},
    {file = "pandas-3.0.3-cp314-cp314-manylinux_2_24_x86_64.manylinux_2_28_x86_64.whl", hash = "sha256:9d71c63ae4ebdbf70209742096f1fc46a83a0613c99d4b23766cced9ff8cd62a"},
    {file = "pandas-3.0.3-cp314-cp314-musllinux_1_2_aarch64.whl", hash = "sha256:e3a2ec42c98ffa2565a67e08e218d06d72576d758d90facb7c00805194d8f360"},
    {file = "pandas-3.0.3-cp314-cp314-musllinux_1_2_x86_64.whl", hash = "sha256:335f62418ed562cfc3c49e9e196375c28b729dcef8543abf4f9438e381bf3c76"},
    {file = "pandas-3.0.3-cp314-cp314-win_amd64.whl", hash = "sha256:3c20a521bbb85902f79f7270c80a59e1b5452d96d170c034f207181870f97ac5"},
    {file = "pandas-3.0.3-cp314-cp314-win_arm64.whl", hash = "sha256:a2d2dff8a04f3917b55ab3910c32990f8ddf7eceba114947838cefa976a68977"},
    {file = "pandas-3.0.3-cp314-cp314t-macosx_10_15_x86_64.whl", hash = "sha256:0d589105b3c14645af1738ff279b2995102d8f7a03b0a66dc8d95550eb513e04"},
    {file = "pandas-3.0.3-cp314-cp314t-macosx_11_0_arm64.whl", hash = "sha256:13fc1e853d9e04743d11ba75a985ccbc2a317fe07d8af61e445a6fd24dacd6a6"},
    {file = "pandas-3.0.3-cp314-cp314t-manylinux_2_24_aarch64.manylinux_2_28_aarch64.whl", hash = "sha256:819959dab7bbd0049c15623fbac4e29a191b9528160a61fb1032242d8ced2d9c"},
    {file = "pandas-3.0.3-cp314-cp314t-manylinux_2_24_x86_64.manylinux_2_28_x86_64.whl", hash = "sha256:60ae316d3fd75d1858d450d0db0103ea2be3e7d4a95ec2f064f7e2ae63f7b028"},
    {file = "pandas-3.0.3-cp314-cp314t-musllinux_1_2_aarch64.whl", hash = "sha256:bd3a518890b400d32f9023722dc9a9a5c969f00b415419a3c06c043f09bb5d7d"},
    {file = "pandas-3.0.3-cp314-cp314t-musllinux_1_2_x86_64.whl", hash = "sha256:9c39be2d709d01fa972a0cabc522389fceca4f3969332ba25a7d6c5802cf976a"},
    {file = "pandas-3.0.3-cp314-cp314t-win_amd64.whl", hash = "sha256:4db8c527972a821cf5286b40ccc57642a39bc62e62022b42f99f8a67fca8c3a1"},
    {file = "pandas-3.0.3-cp314-cp314t-win_arm64.whl", hash = "sha256:b2c95f8bfc1ee412bf482605d7bfd30c12d1d26bd59fdd91efeef1d4718decb1"},
    {file = "pandas-3.0.3.tar.gz", hash = "sha256:696a4a00a2a2a35d4e5deb3fc946641b96c944f02230e4f76137fe35d806c4fc"},
]

[package.dependencies]
numpy = [
    {version = ">=1.26.0", markers = "python_version < \"3.14\""},
    {version = ">=2.3.3", markers = "python_version >= \"3.14\""},
]
python-dateutil = ">=2.8.2"
tzdata = {version = "*", markers = "sys_platform == \"win32\" or sys_platform == \"emscripten\""}

[package.extras]
all = ["PyQt5 (>=5.15.9)", "SQLAlchemy (>=2.0.36)", "adbc-driver-postgresql (>=1.2.0)", "adbc-driver-sqlite (>=1.2.0)", "beautifulsoup4 (>=4.12.3)", "bottleneck (>=1.4.2)", "fastparquet (>=2024.11.0)", "fsspec (>=2024.10.0)", "gcsfs (>=2024.10.0)", "html5lib (>=1.1)", "hypothesis (>=6.116.0)", "jinja2 (>=3.1.5)", "lxml (>=5.3.0)", "matplotlib (>=3.9.3)", "numba (>=0.60.0)", "numexpr (>=2.10.2)", "odfpy (>=1.4.1)", "openpyxl (>=3.1.5)", "psycopg2 (>=2.9.10)", "pyarrow (>=13.0.0)", "pyiceberg (>=0.8.1)", "pymysql (>=1.1.1)", "pyreadstat (>=1.2.8)", "pytest (>=8.3.4)", "pytest-xdist (>=3.6.1)", "python-calamine (>=0.3.0)", "pytz (>=2020.1)", "pyxlsb (>=1.0.10)", "qtpy (>=2.4.2)", "s3fs (>=2024.10.0)", "scipy (>=1.14.1)", "tables (>=3.10.1)", "tabulate (>=0.9.0)", "xarray (>=2024.10.0)", "xlrd (>=2.0.1)", "xlsxwriter (>=3.2.0)", "zstandard (>=0.23.0)"]
aws = ["s3fs (>=2024.10.0)"]
clipboard = ["PyQt5 (>=5.15.9)", "qtpy (>=2.4.2)"]
compression = ["zstandard (>=0.23.0)"]
computation = ["scipy (>=1.14.1)", "xarray (>=2024.10.0)"]
excel = ["odfpy (>=1.4.1)", "openpyxl (>=3.1.5)", "python-calamine (>=0.3.0)", "pyxlsb (>=1.0.10)", "xlrd (>=2.0.1)", "xlsxwriter (>=3.2.0)"]
feather = ["pyarrow (>=13.0.0)"]
fss = ["fsspec (>=2024.10.0)"]
gcp = ["gcsfs (>=2024.10.0)"]
hdf5 = ["tables (>=3.10.1)"]
html = ["beautifulsoup4 (>=4.12.3)", "html5lib (>=1.1)", "lxml (>=5.3.0)"]
iceberg = ["pyiceberg (>=0.8.1)"]
mysql = ["SQLAlchemy (>=2.0.36)", "pymysql (>=1.1.1)"]
output-formatting = ["jinja2 (>=3.1.5)", "tabulate (>=0.9.0)"]
parquet = ["pyarrow (>=13.0.0)"]
performance = ["bottleneck (>=1.4.2)", "numba (>=0.60.0)", "numexpr (>=2.10.2)"]
plot = ["matplotlib (>=3.9.3)"]
postgresql = ["SQLAlchemy (>=2.0.36)", "adbc-driver-postgresql (>=1.2.0)", "psycopg2 (>=2.9.10)"]
pyarrow = ["pyarrow (>=13.0.0)"]
spss = ["pyreadstat (>=1.2.8)"]
sql-other = ["SQLAlchemy (>=2.0.36)", "adbc-driver-postgresql (>=1.2.0)", "adbc-driver-sqlite (>=1.2.0)"]
test = ["hypothesis (>=6.116.0)", "pytest (>=8.3.4)", "pytest-xdist (>=3.6.1)"]
timezone = ["pytz (>=2020.1)"]
xml = ["lxml (>=5.3.0)"]

[[package]]
name = "pyogrio"
version = "0.13.0"
description = "Vectorized spatial vector file format I/O using GDAL/OGR"
optional = false
python-versions = ">=3.10"
groups = ["main"]
markers = "sys_platform == \"win32\" or sys_platform == \"emscripten\" or sys_platform != \"win32\" and sys_platform != \"emscripten\""
files = [
    {file = "pyogrio-0.13.0-cp310-cp310-macosx_12_0_arm64.whl", hash = "sha256:588ea200bbefc3c6b33bdc3063491a7af4287747838f3b719347587063d9fc5d"},
    {file = "pyogrio-0.13.0-cp310-cp310-macosx_12_0_x86_64.whl", hash = "sha256:ddbe22dd823bf4227ac12ab0b4f43ffdd430d4ed38dd5446d1f44dd50db157cf"},
    {file = "pyogrio-0.13.0-cp310-cp310-manylinux2014_x86_64.manylinux_2_17_x86_64.whl", hash = "sha256:ffa3b91f4ac7518dbd9fc1294fa81df316ff5e5a67ae6d95fc5f7bb35b2acf10"},
    {file = "pyogrio-0.13.0-cp310-cp310-manylinux_2_28_aarch64.whl", hash = "sha256:c6324969f234f57990e421e4dfd5b6de46e8112873ddf682596593bc26858cd0"},
    {file = "pyogrio-0.13.0-cp310-cp310-manylinux_2_28_x86_64.whl", hash = "sha256:a878484387e422932236e8b8b30f4e5efb9c9880118f1c9759338a1519f5dd41"},
    {file = "pyogrio-0.13.0-cp310-cp310-win_amd64.whl", hash = "sha256:54761a92c74add8f02836e41b4cf721dac156bc752750b2be6459f3752ff82be"},
    {file = "pyogrio-0.13.0-cp311-abi3-macosx_12_0_arm64.whl", hash = "sha256:68e6bb9b8b14412311da69679333ad5408c0f9aa5b25d5837bbcba3dfa698109"},
    {file = "pyogrio-0.13.0-cp311-abi3-macosx_12_0_x86_64.whl", hash = "sha256:8823f91570c91e66e50cc573bc4722e925b84220ee0c7dc61532438d43c69a95"},
    {file = "pyogrio-0.13.0-cp311-abi3-manylinux2014_x86_64.manylinux_2_17_x86_64.whl", hash = "sha256:9e84e7b09b073ee4cc8c35663afcf644b0c17db75ac72c7591dc3864252db461"},
    {file = "pyogrio-0.13.0-cp311-abi3-manylinux_2_28_aarch64.whl", hash = "sha256:680842c88b5e678125edd13b15f7187ff3ce7630cadef538887edd3cbe801287"},
    {file = "pyogrio-0.13.0-cp311-abi3-manylinux_2_28_x86_64.whl", hash = "sha256:220a988ce2a26591d6db5c775b07289d4f54cabdf274cc048f0e17a0b9d5be14"},
    {file = "pyogrio-0.13.0-cp311-abi3-win_amd64.whl", hash = "sha256:1b91f6d6e6757a6ea84b9459d24f479dcb52bbf4ebcdb16baf39e49d2836a1cf"},
    {file = "pyogrio-0.13.0-cp314-cp314t-macosx_12_0_arm64.whl", hash = "sha256:c86c2abade1219863224297f6fdf8b1817c291596b05b865138065a710ea55c3"},
    {file = "pyogrio-0.13.0-cp314-cp314t-macosx_12_0_x86_64.whl", hash = "sha256:2548f8b84dae89f5e0cc6d406731f09f234b3909426026428733c21c0a7ac49a"},
    {file = "pyogrio-0.13.0-cp314-cp314t-manylinux2014_x86_64.manylinux_2_17_x86_64.whl", hash = "sha256:e605494bfea5d40ad4d37df1db1d7cb8950a3135eff9adba2f79673393f31e12"},
    {file = "pyogrio-0.13.0-cp314-cp314t-manylinux_2_28_aarch64.whl", hash = "sha256:dc1d91a2174dc7b4b73b68dc9db124ee5ed35c6f1a1d921b8c3dc79c6e73bc99"},
    {file = "pyogrio-0.13.0-cp314-cp314t-manylinux_2_28_x86_64.whl", hash = "sha256:25b0c1a96955c30cd587c024e3e50813ff16a650b4ea41568612842e4078cc59"},
    {file = "pyogrio-0.13.0-cp314-cp314t-win_amd64.whl", hash = "sha256:259cfef6bf5e3060afd5dd00ad5b81175568fc49c6fea7d3be575b7c6feb74fc"},
    {file = "pyogrio-0.13.0.tar.gz", hash = "sha256:9614f27a1891113f80653e0b76b4233ea1fb3beeb1ac46d118ab22e1670f8f13"},
]

[package.dependencies]
certifi = "*"
numpy = "*"
packaging = "*"

[package.extras]
benchmark = ["pytest-benchmark"]
dev = ["cython (>=3.1)"]
geopandas = ["geopandas"]
test = ["pytest", "pytest-cov"]

[[package]]
name = "pyproj"
version = "3.7.2"
description = "Python interface to PROJ (cartographic projections and coordinate transformations library)"
optional = false
python-versions = ">=3.11"
groups = ["main"]
markers = "sys_platform == \"win32\" or sys_platform == \"emscripten\" or sys_platform != \"win32\" and sys_platform != \"emscripten\""
files = [
    {file = "pyproj-3.7.2-cp311-cp311-macosx_13_0_x86_64.whl", hash = "sha256:2514d61f24c4e0bb9913e2c51487ecdaeca5f8748d8313c933693416ca41d4d5"},
    {file = "pyproj-3.7.2-cp311-cp311-macosx_14_0_arm64.whl", hash = "sha256:8693ca3892d82e70de077701ee76dd13d7bca4ae1c9d1e739d72004df015923a"},
    {file = "pyproj-3.7.2-cp311-cp311-manylinux_2_28_aarch64.whl", hash = "sha256:5e26484d80fea56273ed1555abaea161e9661d81a6c07815d54b8e883d4ceb25"},
    {file = "pyproj-3.7.2-cp311-cp311-manylinux_2_28_x86_64.whl", hash = "sha256:281cb92847814e8018010c48b4069ff858a30236638631c1a91dd7bfa68f8a8a"},
    {file = "pyproj-3.7.2-cp311-cp311-musllinux_1_2_aarch64.whl", hash = "sha256:9c8577f0b7bb09118ec2e57e3babdc977127dd66326d6c5d755c76b063e6d9dc"},
    {file = "pyproj-3.7.2-cp311-cp311-musllinux_1_2_x86_64.whl", hash = "sha256:a23f59904fac3a5e7364b3aa44d288234af267ca041adb2c2b14a903cd5d3ac5"},
    {file = "pyproj-3.7.2-cp311-cp311-win32.whl", hash = "sha256:f2af4ed34b2cf3e031a2d85b067a3ecbd38df073c567e04b52fa7a0202afde8a"},
    {file = "pyproj-3.7.2-cp311-cp311-win_amd64.whl", hash = "sha256:0b7cb633565129677b2a183c4d807c727d1c736fcb0568a12299383056e67433"},
    {file = "pyproj-3.7.2-cp311-cp311-win_arm64.whl", hash = "sha256:38b08d85e3a38e455625b80e9eb9f78027c8e2649a21dec4df1f9c3525460c71"},
    {file = "pyproj-3.7.2-cp312-cp312-macosx_13_0_x86_64.whl", hash = "sha256:0a9bb26a6356fb5b033433a6d1b4542158fb71e3c51de49b4c318a1dff3aeaab"},
    {file = "pyproj-3.7.2-cp312-cp312-macosx_14_0_arm64.whl", hash = "sha256:567caa03021178861fad27fabde87500ec6d2ee173dd32f3e2d9871e40eebd68"},
    {file = "pyproj-3.7.2-cp312-cp312-manylinux_2_28_aarch64.whl", hash = "sha256:c203101d1dc3c038a56cff0447acc515dd29d6e14811406ac539c21eed422b2a"},
    {file = "pyproj-3.7.2-cp312-cp312-manylinux_2_28_x86_64.whl", hash = "sha256:1edc34266c0c23ced85f95a1ee8b47c9035eae6aca5b6b340327250e8e281630"},
    {file = "pyproj-3.7.2-cp312-cp312-musllinux_1_2_aarch64.whl", hash = "sha256:aa9f26c21bc0e2dc3d224cb1eb4020cf23e76af179a7c66fea49b828611e4260"},
    {file = "pyproj-3.7.2-cp312-cp312-musllinux_1_2_x86_64.whl", hash = "sha256:f9428b318530625cb389b9ddc9c51251e172808a4af79b82809376daaeabe5e9"},
    {file = "pyproj-3.7.2-cp312-cp312-win32.whl", hash = "sha256:b3d99ed57d319da042f175f4554fc7038aa4bcecc4ac89e217e350346b742c9d"},
    {file = "pyproj-3.7.2-cp312-cp312-win_amd64.whl", hash = "sha256:11614a054cd86a2ed968a657d00987a86eeb91fdcbd9ad3310478685dc14a128"},
    {file = "pyproj-3.7.2-cp312-cp312-win_arm64.whl", hash = "sha256:509a146d1398bafe4f53273398c3bb0b4732535065fa995270e52a9d3676bca3"},
    {file = "pyproj-3.7.2-cp313-cp313-macosx_13_0_x86_64.whl", hash = "sha256:19466e529b1b15eeefdf8ff26b06fa745856c044f2f77bf0edbae94078c1dfa1"},
    {file = "pyproj-3.7.2-cp313-cp313-macosx_14_0_arm64.whl", hash = "sha256:c79b9b84c4a626c5dc324c0d666be0bfcebd99f7538d66e8898c2444221b3da7"},
    {file = "pyproj-3.7.2-cp313-cp313-manylinux_2_28_aarch64.whl", hash = "sha256:ceecf374cacca317bc09e165db38ac548ee3cad07c3609442bd70311c59c21aa"},
    {file = "pyproj-3.7.2-cp313-cp313-manylinux_2_28_x86_64.whl", hash = "sha256:5141a538ffdbe4bfd157421828bb2e07123a90a7a2d6f30fa1462abcfb5ce681"},
    {file = "pyproj-3.7.2-cp313-cp313-musllinux_1_2_aarch64.whl", hash = "sha256:f000841e98ea99acbb7b8ca168d67773b0191de95187228a16110245c5d954d5"},
    {file = "pyproj-3.7.2-cp313-cp313-musllinux_1_2_x86_64.whl", hash = "sha256:8115faf2597f281a42ab608ceac346b4eb1383d3b45ab474fd37341c4bf82a67"},
    {file = "pyproj-3.7.2-cp313-cp313-win32.whl", hash = "sha256:f18c0579dd6be00b970cb1a6719197fceecc407515bab37da0066f0184aafdf3"},
    {file = "pyproj-3.7.2-cp313-cp313-win_amd64.whl", hash = "sha256:bb41c29d5f60854b1075853fe80c58950b398d4ebb404eb532536ac8d2834ed7"},
    {file = "pyproj-3.7.2-cp313-cp313-win_arm64.whl", hash = "sha256:2b617d573be4118c11cd96b8891a0b7f65778fa7733ed8ecdb297a447d439100"},
    {file = "pyproj-3.7.2-cp313-cp313t-macosx_13_0_x86_64.whl", hash = "sha256:d27b48f0e81beeaa2b4d60c516c3a1cfbb0c7ff6ef71256d8e9c07792f735279"},
    {file = "pyproj-3.7.2-cp313-cp313t-macosx_14_0_arm64.whl", hash = "sha256:55a3610d75023c7b1c6e583e48ef8f62918e85a2ae81300569d9f104d6684bb6"},
    {file = "pyproj-3.7.2-cp313-cp313t-manylinux_2_28_aarch64.whl", hash = "sha256:8d7349182fa622696787cc9e195508d2a41a64765da9b8a6bee846702b9e6220"},
    {file = "pyproj-3.7.2-cp313-cp313t-manylinux_2_28_x86_64.whl", hash = "sha256:d230b186eb876ed4f29a7c5ee310144c3a0e44e89e55f65fb3607e13f6db337c"},
    {file = "pyproj-3.7.2-cp313-cp313t-musllinux_1_2_aarch64.whl", hash = "sha256:237499c7862c578d0369e2b8ac56eec550e391a025ff70e2af8417139dabb41c"},
    {file = "pyproj-3.7.2-cp313-cp313t-musllinux_1_2_x86_64.whl", hash = "sha256:8c225f5978abd506fd9a78eaaf794435e823c9156091cabaab5374efb29d7f69"},
    {file = "pyproj-3.7.2-cp313-cp313t-win32.whl", hash = "sha256:2da731876d27639ff9d2d81c151f6ab90a1546455fabd93368e753047be344a2"},
    {file = "pyproj-3.7.2-cp313-cp313t-win_amd64.whl", hash = "sha256:f54d91ae18dd23b6c0ab48126d446820e725419da10617d86a1b69ada6d881d3"},
    {file = "pyproj-3.7.2-cp313-cp313t-win_arm64.whl", hash = "sha256:fc52ba896cfc3214dc9f9ca3c0677a623e8fdd096b257c14a31e719d21ff3fdd"},
    {file = "pyproj-3.7.2-cp314-cp314-macosx_13_0_x86_64.whl", hash = "sha256:2aaa328605ace41db050d06bac1adc11f01b71fe95c18661497763116c3a0f02"},
    {file = "pyproj-3.7.2-cp314-cp314-macosx_14_0_arm64.whl", hash = "sha256:35dccbce8201313c596a970fde90e33605248b66272595c061b511c8100ccc08"},
    {file = "pyproj-3.7.2-cp314-cp314-manylinux_2_28_aarch64.whl", hash = "sha256:25b0b7cb0042444c29a164b993c45c1b8013d6c48baa61dc1160d834a277e83b"},
    {file = "pyproj-3.7.2-cp314-cp314-manylinux_2_28_x86_64.whl", hash = "sha256:85def3a6388e9ba51f964619aa002a9d2098e77c6454ff47773bb68871024281"},
    {file = "pyproj-3.7.2-cp314-cp314-musllinux_1_2_aarch64.whl", hash = "sha256:b1bccefec3875ab81eabf49059e2b2ea77362c178b66fd3528c3e4df242f1516"},
    {file = "pyproj-3.7.2-cp314-cp314-musllinux_1_2_x86_64.whl", hash = "sha256:d5371ca114d6990b675247355a801925814eca53e6c4b2f1b5c0a956336ee36e"},
    {file = "pyproj-3.7.2-cp314-cp314-win32.whl", hash = "sha256:77f066626030f41be543274f5ac79f2a511fe89860ecd0914f22131b40a0ec25"},
    {file = "pyproj-3.7.2-cp314-cp314-win_amd64.whl", hash = "sha256:5a964da1696b8522806f4276ab04ccfff8f9eb95133a92a25900697609d40112"},
    {file = "pyproj-3.7.2-cp314-cp314-win_arm64.whl", hash = "sha256:e258ab4dbd3cf627809067c0ba8f9884ea76c8e5999d039fb37a1619c6c3e1f6"},
    {file = "pyproj-3.7.2-cp314-cp314t-macosx_13_0_x86_64.whl", hash = "sha256:bbbac2f930c6d266f70ec75df35ef851d96fdb3701c674f42fd23a9314573b37"},
    {file = "pyproj-3.7.2-cp314-cp314t-macosx_14_0_arm64.whl", hash = "sha256:b7544e0a3d6339dc9151e9c8f3ea62a936ab7cc446a806ec448bbe86aebb979b"},
    {file = "pyproj-3.7.2-cp314-cp314t-manylinux_2_28_aarch64.whl", hash = "sha256:f7f5133dca4c703e8acadf6f30bc567d39a42c6af321e7f81975c2518f3ed357"},
    {file = "pyproj-3.7.2-cp314-cp314t-manylinux_2_28_x86_64.whl", hash = "sha256:5aff3343038d7426aa5076f07feb88065f50e0502d1b0d7c22ddfdd2c75a3f81"},
    {file = "pyproj-3.7.2-cp314-cp314t-musllinux_1_2_aarch64.whl", hash = "sha256:b0552178c61f2ac1c820d087e8ba6e62b29442debddbb09d51c4bf8acc84d888"},
    {file = "pyproj-3.7.2-cp314-cp314t-musllinux_1_2_x86_64.whl", hash = "sha256:47d87db2d2c436c5fd0409b34d70bb6cdb875cca2ebe7a9d1c442367b0ab8d59"},
    {file = "pyproj-3.7.2-cp314-cp314t-win32.whl", hash = "sha256:c9b6f1d8ad3e80a0ee0903a778b6ece7dca1d1d40f6d114ae01bc8ddbad971aa"},
    {file = "pyproj-3.7.2-cp314-cp314t-win_amd64.whl", hash = "sha256:1914e29e27933ba6f9822663ee0600f169014a2859f851c054c88cf5ea8a333c"},
    {file = "pyproj-3.7.2-cp314-cp314t-win_arm64.whl", hash = "sha256:d9d25bae416a24397e0d85739f84d323b55f6511e45a522dd7d7eae70d10c7e4"},
    {file = "pyproj-3.7.2.tar.gz", hash = "sha256:39a0cf1ecc7e282d1d30f36594ebd55c9fae1fda8a2622cee5d100430628f88c"},
]

[package.dependencies]
certifi = "*"

[[package]]
name = "python-dateutil"
version = "2.9.0.post0"
description = "Extensions to the standard Python datetime module"
optional = false
python-versions = "!=3.0.*,!=3.1.*,!=3.2.*,>=2.7"
groups = ["main"]
markers = "sys_platform == \"win32\" or sys_platform == \"emscripten\" or sys_platform != \"win32\" and sys_platform != \"emscripten\""
files = [
    {file = "python-dateutil-2.9.0.post0.tar.gz", hash = "sha256:37dd54208da7e1cd875388217d5e00ebd4179249f90fb72437e91a35459a0ad3"},
    {file = "python_dateutil-2.9.0.post0-py2.py3-none-any.whl", hash = "sha256:a8b2bc7bffae282281c8140a97d3aa9c14da0b136dfe83f850eea9a5f7470427"},
]

[package.dependencies]
six = ">=1.5"

[[package]]
name = "shapely"
version = "2.1.2"
description = "Manipulation and analysis of geometric objects"
optional = false
python-versions = ">=3.10"
groups = ["main"]
markers = "sys_platform == \"win32\" or sys_platform == \"emscripten\" or sys_platform != \"win32\" and sys_platform != \"emscripten\""
files = [
    {file = "shapely-2.1.2-cp310-cp310-macosx_10_9_x86_64.whl", hash = "sha256:7ae48c236c0324b4e139bea88a306a04ca630f49be66741b340729d380d8f52f"},
    {file = "shapely-2.1.2-cp310-cp310-macosx_11_0_arm64.whl", hash = "sha256:eba6710407f1daa8e7602c347dfc94adc02205ec27ed956346190d66579eb9ea"},
    {file = "shapely-2.1.2-cp310-cp310-manylinux2014_aarch64.manylinux_2_17_aarch64.whl", hash = "sha256:ef4a456cc8b7b3d50ccec29642aa4aeda959e9da2fe9540a92754770d5f0cf1f"},
    {file = "shapely-2.1.2-cp310-cp310-manylinux2014_x86_64.manylinux_2_17_x86_64.whl", hash = "sha256:e38a190442aacc67ff9f75ce60aec04893041f16f97d242209106d502486a142"},
    {file = "shapely-2.1.2-cp310-cp310-musllinux_1_2_aarch64.whl", hash = "sha256:40d784101f5d06a1fd30b55fc11ea58a61be23f930d934d86f19a180909908a4"},
    {file = "shapely-2.1.2-cp310-cp310-musllinux_1_2_x86_64.whl", hash = "sha256:f6f6cd5819c50d9bcf921882784586aab34a4bd53e7553e175dece6db513a6f0"},
    {file = "shapely-2.1.2-cp310-cp310-win32.whl", hash = "sha256:fe9627c39c59e553c90f5bc3128252cb85dc3b3be8189710666d2f8bc3a5503e"},
    {file = "shapely-2.1.2-cp310-cp310-win_amd64.whl", hash = "sha256:1d0bfb4b8f661b3b4ec3565fa36c340bfb1cda82087199711f86a88647d26b2f"},
    {file = "shapely-2.1.2-cp311-cp311-macosx_10_9_x86_64.whl", hash = "sha256:91121757b0a36c9aac3427a651a7e6567110a4a67c97edf04f8d55d4765f6618"},
    {file = "shapely-2.1.2-cp311-cp311-macosx_11_0_arm64.whl", hash = "sha256:16a9c722ba774cf50b5d4541242b4cce05aafd44a015290c82ba8a16931ff63d"},
    {file = "shapely-2.1.2-cp311-cp311-manylinux2014_aarch64.manylinux_2_17_aarch64.whl", hash = "sha256:cc4f7397459b12c0b196c9efe1f9d7e92463cbba142632b4cc6d8bbbbd3e2b09"},
    {file = "shapely-2.1.2-cp311-cp311-manylinux2014_x86_64.manylinux_2_17_x86_64.whl", hash = "sha256:136ab87b17e733e22f0961504d05e77e7be8c9b5a8184f685b4a91a84efe3c26"},
    {file = "shapely-2.1.2-cp311-cp311-musllinux_1_2_aarch64.whl", hash = "sha256:16c5d0fc45d3aa0a69074979f4f1928ca2734fb2e0dde8af9611e134e46774e7"},
    {file = "shapely-2.1.2-cp311-cp311-musllinux_1_2_x86_64.whl", hash = "sha256:6ddc759f72b5b2b0f54a7e7cde44acef680a55019eb52ac63a7af2cf17cb9cd2"},
    {file = "shapely-2.1.2-cp311-cp311-win32.whl", hash = "sha256:2fa78b49485391224755a856ed3b3bd91c8455f6121fee0db0e71cefb07d0ef6"},
    {file = "shapely-2.1.2-cp311-cp311-win_amd64.whl", hash = "sha256:c64d5c97b2f47e3cd9b712eaced3b061f2b71234b3fc263e0fcf7d889c6559dc"},
    {file = "shapely-2.1.2-cp312-cp312-macosx_10_13_x86_64.whl", hash = "sha256:fe2533caae6a91a543dec62e8360fe86ffcdc42a7c55f9dfd0128a977a896b94"},
    {file = "shapely-2.1.2-cp312-cp312-macosx_11_0_arm64.whl", hash = "sha256:ba4d1333cc0bc94381d6d4308d2e4e008e0bd128bdcff5573199742ee3634359"},
    {file = "shapely-2.1.2-cp312-cp312-manylinux2014_aarch64.manylinux_2_17_aarch64.whl", hash = "sha256:0bd308103340030feef6c111d3eb98d50dc13feea33affc8a6f9fa549e9458a3"},
    {file = "shapely-2.1.2-cp312-cp312-manylinux2014_x86_64.manylinux_2_17_x86_64.whl", hash = "sha256:1e7d4d7ad262a48bb44277ca12c7c78cb1b0f56b32c10734ec9a1d30c0b0c54b"},
    {file = "shapely-2.1.2-cp312-cp312-musllinux_1_2_aarch64.whl", hash = "sha256:e9eddfe513096a71896441a7c37db72da0687b34752c4e193577a145c71736fc"},
    {file = "shapely-2.1.2-cp312-cp312-musllinux_1_2_x86_64.whl", hash = "sha256:980c777c612514c0cf99bc8a9de6d286f5e186dcaf9091252fcd444e5638193d"},
    {file = "shapely-2.1.2-cp312-cp312-win32.whl", hash = "sha256:9111274b88e4d7b54a95218e243282709b330ef52b7b86bc6aaf4f805306f454"},
    {file = "shapely-2.1.2-cp312-cp312-win_amd64.whl", hash = "sha256:743044b4cfb34f9a67205cee9279feaf60ba7d02e69febc2afc609047cb49179"},
    {file = "shapely-2.1.2-cp313-cp313-macosx_10_13_x86_64.whl", hash = "sha256:b510dda1a3672d6879beb319bc7c5fd302c6c354584690973c838f46ec3e0fa8"},
    {file = "shapely-2.1.2-cp313-cp313-macosx_11_0_arm64.whl", hash = "sha256:8cff473e81017594d20ec55d86b54bc635544897e13a7cfc12e36909c5309a2a"},
    {file = "shapely-2.1.2-cp313-cp313-manylinux2014_aarch64.manylinux_2_17_aarch64.whl", hash = "sha256:fe7b77dc63d707c09726b7908f575fc04ff1d1ad0f3fb92aec212396bc6cfe5e"},
    {file = "shapely-2.1.2-cp313-cp313-manylinux2014_x86_64.manylinux_2_17_x86_64.whl", hash = "sha256:7ed1a5bbfb386ee8332713bf7508bc24e32d24b74fc9a7b9f8529a55db9f4ee6"},
    {file = "shapely-2.1.2-cp313-cp313-musllinux_1_2_aarch64.whl", hash = "sha256:a84e0582858d841d54355246ddfcbd1fce3179f185da7470f41ce39d001ee1af"},
    {file = "shapely-2.1.2-cp313-cp313-musllinux_1_2_x86_64.whl", hash = "sha256:dc3487447a43d42adcdf52d7ac73804f2312cbfa5d433a7d2c506dcab0033dfd"},
    {file = "shapely-2.1.2-cp313-cp313-win32.whl", hash = "sha256:9c3a3c648aedc9f99c09263b39f2d8252f199cb3ac154fadc173283d7d111350"},
    {file = "shapely-2.1.2-cp313-cp313-win_amd64.whl", hash = "sha256:ca2591bff6645c216695bdf1614fca9c82ea1144d4a7591a466fef64f28f0715"},
    {file = "shapely-2.1.2-cp313-cp313t-macosx_10_13_x86_64.whl", hash = "sha256:2d93d23bdd2ed9dc157b46bc2f19b7da143ca8714464249bef6771c679d5ff40"},
    {file = "shapely-2.1.2-cp313-cp313t-macosx_11_0_arm64.whl", hash = "sha256:01d0d304b25634d60bd7cf291828119ab55a3bab87dc4af1e44b07fb225f188b"},
    {file = "shapely-2.1.2-cp313-cp313t-manylinux2014_aarch64.manylinux_2_17_aarch64.whl", hash = "sha256:8d8382dd120d64b03698b7298b89611a6ea6f55ada9d39942838b79c9bc89801"},
    {file = "shapely-2.1.2-cp313-cp313t-manylinux2014_x86_64.manylinux_2_17_x86_64.whl", hash = "sha256:19efa3611eef966e776183e338b2d7ea43569ae99ab34f8d17c2c054d3205cc0"},
    {file = "shapely-2.1.2-cp313-cp313t-musllinux_1_2_aarch64.whl", hash = "sha256:346ec0c1a0fcd32f57f00e4134d1200e14bf3f5ae12af87ba83ca275c502498c"},
    {file = "shapely-2.1.2-cp313-cp313t-musllinux_1_2_x86_64.whl", hash = "sha256:6305993a35989391bd3476ee538a5c9a845861462327efe00dd11a5c8c709a99"},
    {file = "shapely-2.1.2-cp313-cp313t-win32.whl", hash = "sha256:c8876673449f3401f278c86eb33224c5764582f72b653a415d0e6672fde887bf"},
    {file = "shapely-2.1.2-cp313-cp313t-win_amd64.whl", hash = "sha256:4a44bc62a10d84c11a7a3d7c1c4fe857f7477c3506e24c9062da0db0ae0c449c"},
    {file = "shapely-2.1.2-cp314-cp314-macosx_10_13_x86_64.whl", hash = "sha256:9a522f460d28e2bf4e12396240a5fc1518788b2fcd73535166d748399ef0c223"},
    {file = "shapely-2.1.2-cp314-cp314-macosx_11_0_arm64.whl", hash = "sha256:1ff629e00818033b8d71139565527ced7d776c269a49bd78c9df84e8f852190c"},
    {file = "shapely-2.1.2-cp314-cp314-manylinux2014_aarch64.manylinux_2_17_aarch64.whl", hash = "sha256:f67b34271dedc3c653eba4e3d7111aa421d5be9b4c4c7d38d30907f796cb30df"},
    {file = "shapely-2.1.2-cp314-cp314-manylinux2014_x86_64.manylinux_2_17_x86_64.whl", hash = "sha256:21952dc00df38a2c28375659b07a3979d22641aeb104751e769c3ee825aadecf"},
    {file = "shapely-2.1.2-cp314-cp314-musllinux_1_2_aarch64.whl", hash = "sha256:1f2f33f486777456586948e333a56ae21f35ae273be99255a191f5c1fa302eb4"},
    {file = "shapely-2.1.2-cp314-cp314-musllinux_1_2_x86_64.whl", hash = "sha256:cf831a13e0d5a7eb519e96f58ec26e049b1fad411fc6fc23b162a7ce04d9cffc"},
    {file = "shapely-2.1.2-cp314-cp314-win32.whl", hash = "sha256:61edcd8d0d17dd99075d320a1dd39c0cb9616f7572f10ef91b4b5b00c4aeb566"},
    {file = "shapely-2.1.2-cp314-cp314-win_amd64.whl", hash = "sha256:a444e7afccdb0999e203b976adb37ea633725333e5b119ad40b1ca291ecf311c"},
    {file = "shapely-2.1.2-cp314-cp314t-macosx_10_13_x86_64.whl", hash = "sha256:5ebe3f84c6112ad3d4632b1fd2290665aa75d4cef5f6c5d77c4c95b324527c6a"},
    {file = "shapely-2.1.2-cp314-cp314t-macosx_11_0_arm64.whl", hash = "sha256:5860eb9f00a1d49ebb14e881f5caf6c2cf472c7fd38bd7f253bbd34f934eb076"},
    {file = "shapely-2.1.2-cp314-cp314t-manylinux2014_aarch64.manylinux_2_17_aarch64.whl", hash = "sha256:b705c99c76695702656327b819c9660768ec33f5ce01fa32b2af62b56ba400a1"},
    {file = "shapely-2.1.2-cp314-cp314t-manylinux2014_x86_64.manylinux_2_17_x86_64.whl", hash = "sha256:a1fd0ea855b2cf7c9cddaf25543e914dd75af9de08785f20ca3085f2c9ca60b0"},
    {file = "shapely-2.1.2-cp314-cp314t-musllinux_1_2_aarch64.whl", hash = "sha256:df90e2db118c3671a0754f38e36802db75fe0920d211a27481daf50a711fdf26"},
    {file = "shapely-2.1.2-cp314-cp314t-musllinux_1_2_x86_64.whl", hash = "sha256:361b6d45030b4ac64ddd0a26046906c8202eb60d0f9f53085f5179f1d23021a0"},
    {file = "shapely-2.1.2-cp314-cp314t-win32.whl", hash = "sha256:b54df60f1fbdecc8ebc2c5b11870461a6417b3d617f555e5033f1505d36e5735"},
    {file = "shapely-2.1.2-cp314-cp314t-win_amd64.whl", hash = "sha256:0036ac886e0923417932c2e6369b6c52e38e0ff5d9120b90eef5cd9a5fc5cae9"},
    {file = "shapely-2.1.2.tar.gz", hash = "sha256:2ed4ecb28320a433db18a5bf029986aa8afcfd740745e78847e330d5d94922a9"},
]

[package.dependencies]
numpy = ">=1.21"

[package.extras]
docs = ["matplotlib", "numpydoc (==1.1.*)", "sphinx", "sphinx-book-theme", "sphinx-remove-toctrees"]
test = ["pytest", "pytest-cov", "scipy-doctest"]

[[package]]
name = "six"
version = "1.17.0"
description = "Python 2 and 3 compatibility utilities"
optional = false
python-versions = "!=3.0.*,!=3.1.*,!=3.2.*,>=2.7"
groups = ["main"]
markers = "sys_platform == \"win32\" or sys_platform == \"emscripten\" or sys_platform != \"win32\" and sys_platform != \"emscripten\""
files = [
    {file = "six-1.17.0-py2.py3-none-any.whl", hash = "sha256:4721f391ed90541fddacab5acf947aa0d3dc7d27b2e1e8eda2be8970586c3274"},
    {file = "six-1.17.0.tar.gz", hash = "sha256:ff70335d468e7eb6ec65b95b99d3a2836546063f63acc5171de367e834932a81"},
]

[[package]]
name = "tzdata"
version = "2026.3"
description = "Provider of IANA time zone data"
optional = false
python-versions = ">=2"
groups = ["main"]
markers = "sys_platform == \"win32\" or sys_platform == \"emscripten\""
files = [
    {file = "tzdata-2026.3-py2.py3-none-any.whl", hash = "sha256:dc096730c87af6cab1b171c9d532be840741ff5d459015e7f6947bd7d7e54931"},
    {file = "tzdata-2026.3.tar.gz", hash = "sha256:4a1518b8993086a7982523e071643f3c0e5f213e75b21318e78bcabfff9d1415"},
]

[[package]]
name = "xarray"
version = "2026.7.0"
description = "N-D labeled arrays and datasets in Python"
optional = false
python-versions = ">=3.11"
groups = ["main"]
markers = "sys_platform == \"win32\" or sys_platform == \"emscripten\" or sys_platform != \"win32\" and sys_platform != \"emscripten\""
files = [
    {file = "xarray-2026.7.0-py3-none-any.whl", hash = "sha256:bf9dd130b93806dc78e90c1b7ac24851b31557b888674c53622235691cf21824"},
    {file = "xarray-2026.7.0.tar.gz", hash = "sha256:361b495928fdbf5b58d0969bb6775339019da5e93ca74d61ddf4eb5edd6ce604"},
]

[package.dependencies]
numpy = ">=1.26"
packaging = ">=24.2"
pandas = ">=2.2"

[package.extras]
accel = ["bottleneck", "flox (>=0.10)", "numba (>=0.62)", "numbagg (>=0.9)", "opt_einsum", "scipy (>=1.15)"]
complete = ["xarray[accel,etc,io,parallel,viz]"]
etc = ["sparse (>=0.15)"]
io = ["cftime", "fsspec", "h5netcdf[h5py] (>=1.5.0)", "netCDF4 (>=1.6.0)", "pooch", "pydap", "scipy (>=1.15)", "zarr (>=3.0)"]
parallel = ["dask[complete]"]
types = ["pandas-stubs", "scipy-stubs", "types-PyYAML", "types-Pygments", "types-colorama", "types-decorator", "types-defusedxml", "types-docutils", "types-networkx", "types-openpyxl", "types-pexpect", "types-psutil", "types-pycurl", "types-python-dateutil", "types-pytz", "types-requests", "types-setuptools", "types-xlrd"]
viz = ["cartopy (>=0.24)", "matplotlib (>=3.10)", "nc-time-axis", "seaborn"]

[metadata]
lock-version = "2.1"
python-versions = ">=3.13"
content-hash = "5d1bd810eda635011f772e76342f679f0e6bcce6986397be1a272569ac288b2b"
